// !$*UTF8*$!
{
	archiveVersion = 1;
	classes = {
	};
	objectVersion = 56;
	objects = {

/* Begin PBXBuildFile section */
		223CC54C2969B50A008D3F07 /* EditProfileAssembly.swift in Sources */ = {isa = PBXBuildFile; fileRef = 223CC54B2969B50A008D3F07 /* EditProfileAssembly.swift */; };
		223CC54E2969B5DE008D3F07 /* EditProfileRouterInput.swift in Sources */ = {isa = PBXBuildFile; fileRef = 223CC54D2969B5DE008D3F07 /* EditProfileRouterInput.swift */; };
		223CC5502969B60F008D3F07 /* EditProfileInteractorOutput.swift in Sources */ = {isa = PBXBuildFile; fileRef = 223CC54F2969B60F008D3F07 /* EditProfileInteractorOutput.swift */; };
		223CC5522969B630008D3F07 /* EditProfileInteractorInput.swift in Sources */ = {isa = PBXBuildFile; fileRef = 223CC5512969B630008D3F07 /* EditProfileInteractorInput.swift */; };
		223CC5542969B640008D3F07 /* EditProfileInteractor.swift in Sources */ = {isa = PBXBuildFile; fileRef = 223CC5532969B640008D3F07 /* EditProfileInteractor.swift */; };
		223CC5562969B65C008D3F07 /* EditProfilePresenter.swift in Sources */ = {isa = PBXBuildFile; fileRef = 223CC5552969B65C008D3F07 /* EditProfilePresenter.swift */; };
		223CC5582969B674008D3F07 /* EditProfileViewController.swift in Sources */ = {isa = PBXBuildFile; fileRef = 223CC5572969B674008D3F07 /* EditProfileViewController.swift */; };
		223CC55A2969B687008D3F07 /* EditProfileViewInput.swift in Sources */ = {isa = PBXBuildFile; fileRef = 223CC5592969B687008D3F07 /* EditProfileViewInput.swift */; };
		223CC55C2969B69A008D3F07 /* EditProfileViewOutput.swift in Sources */ = {isa = PBXBuildFile; fileRef = 223CC55B2969B69A008D3F07 /* EditProfileViewOutput.swift */; };
		223CC55E2969B6A4008D3F07 /* EditProfileView.swift in Sources */ = {isa = PBXBuildFile; fileRef = 223CC55D2969B6A4008D3F07 /* EditProfileView.swift */; };
		223CC5602969C01A008D3F07 /* PutUserInfo.swift in Sources */ = {isa = PBXBuildFile; fileRef = 223CC55F2969C01A008D3F07 /* PutUserInfo.swift */; };
		224798C3296C4AAA0065521C /* ZodiacSingProtocol.swift in Sources */ = {isa = PBXBuildFile; fileRef = 224798C2296C4AA90065521C /* ZodiacSingProtocol.swift */; };
		224798C5296C505D0065521C /* String.swift in Sources */ = {isa = PBXBuildFile; fileRef = 224798C4296C505D0065521C /* String.swift */; };
		224798C7296C57140065521C /* DecoderManager.swift in Sources */ = {isa = PBXBuildFile; fileRef = 224798C6296C57140065521C /* DecoderManager.swift */; };
		224B08D32958C341000D0CF4 /* AppDelegate.swift in Sources */ = {isa = PBXBuildFile; fileRef = 224B08D22958C341000D0CF4 /* AppDelegate.swift */; };
		224B08D52958C341000D0CF4 /* SceneDelegate.swift in Sources */ = {isa = PBXBuildFile; fileRef = 224B08D42958C341000D0CF4 /* SceneDelegate.swift */; };
		224B08DC2958C343000D0CF4 /* Assets.xcassets in Resources */ = {isa = PBXBuildFile; fileRef = 224B08DB2958C343000D0CF4 /* Assets.xcassets */; };
		224B08DF2958C343000D0CF4 /* LaunchScreen.storyboard in Resources */ = {isa = PBXBuildFile; fileRef = 224B08DD2958C343000D0CF4 /* LaunchScreen.storyboard */; };
		224B08EE2958DDFE000D0CF4 /* Users.swift in Sources */ = {isa = PBXBuildFile; fileRef = 224B08ED2958DDFE000D0CF4 /* Users.swift */; };
		224B08F02958DE27000D0CF4 /* SendAuthCodeRequest.swift in Sources */ = {isa = PBXBuildFile; fileRef = 224B08EF2958DE27000D0CF4 /* SendAuthCodeRequest.swift */; };
		224B08F22958DE39000D0CF4 /* SendAuthCodeResponse.swift in Sources */ = {isa = PBXBuildFile; fileRef = 224B08F12958DE39000D0CF4 /* SendAuthCodeResponse.swift */; };
		224B08F42958DE77000D0CF4 /* AuthorizedTargetType.swift in Sources */ = {isa = PBXBuildFile; fileRef = 224B08F32958DE77000D0CF4 /* AuthorizedTargetType.swift */; };
		224B08F62958DEA5000D0CF4 /* Moya.Task.swift in Sources */ = {isa = PBXBuildFile; fileRef = 224B08F52958DEA5000D0CF4 /* Moya.Task.swift */; };
		224B08F82958DEE3000D0CF4 /* Encodable.swift in Sources */ = {isa = PBXBuildFile; fileRef = 224B08F72958DEE3000D0CF4 /* Encodable.swift */; };
		224B08FA2958E374000D0CF4 /* NetworkManager.swift in Sources */ = {isa = PBXBuildFile; fileRef = 224B08F92958E374000D0CF4 /* NetworkManager.swift */; };
		224B08FC2958E39D000D0CF4 /* AuthPlugin.swift in Sources */ = {isa = PBXBuildFile; fileRef = 224B08FB2958E39D000D0CF4 /* AuthPlugin.swift */; };
		224B08FE2958E3D5000D0CF4 /* KeychainManager.swift in Sources */ = {isa = PBXBuildFile; fileRef = 224B08FD2958E3D5000D0CF4 /* KeychainManager.swift */; };
		224B09022958E431000D0CF4 /* APIManager.swift in Sources */ = {isa = PBXBuildFile; fileRef = 224B09012958E431000D0CF4 /* APIManager.swift */; };
		224B09052958E520000D0CF4 /* ErrorResponse.swift in Sources */ = {isa = PBXBuildFile; fileRef = 224B09042958E520000D0CF4 /* ErrorResponse.swift */; };
		224B09072958E540000D0CF4 /* ErrorDetail.swift in Sources */ = {isa = PBXBuildFile; fileRef = 224B09062958E540000D0CF4 /* ErrorDetail.swift */; };
		22B46D71295DCF7500121A5C /* UIView.swift in Sources */ = {isa = PBXBuildFile; fileRef = 22B46D70295DCF7500121A5C /* UIView.swift */; };
		22B46D73295DD15600121A5C /* UIStackView.swift in Sources */ = {isa = PBXBuildFile; fileRef = 22B46D72295DD15600121A5C /* UIStackView.swift */; };
		22B46D77295E351000121A5C /* ProfileModule.swift in Sources */ = {isa = PBXBuildFile; fileRef = 22B46D76295E351000121A5C /* ProfileModule.swift */; };
		22B46D79295E352100121A5C /* ProfileDIContainer.swift in Sources */ = {isa = PBXBuildFile; fileRef = 22B46D78295E352100121A5C /* ProfileDIContainer.swift */; };
		22B46D7B295E353100121A5C /* ProfileCoordinator.swift in Sources */ = {isa = PBXBuildFile; fileRef = 22B46D7A295E353100121A5C /* ProfileCoordinator.swift */; };
		22B46D84295E385B00121A5C /* ProfileViewController.swift in Sources */ = {isa = PBXBuildFile; fileRef = 22B46D83295E385B00121A5C /* ProfileViewController.swift */; };
		22B46D86295E386D00121A5C /* ProfileViewInput.swift in Sources */ = {isa = PBXBuildFile; fileRef = 22B46D85295E386D00121A5C /* ProfileViewInput.swift */; };
		22B46D88295E388000121A5C /* ProfileViewOutput.swift in Sources */ = {isa = PBXBuildFile; fileRef = 22B46D87295E388000121A5C /* ProfileViewOutput.swift */; };
		22B46D8A295E388C00121A5C /* ProfileView.swift in Sources */ = {isa = PBXBuildFile; fileRef = 22B46D89295E388C00121A5C /* ProfileView.swift */; };
		22B46D8C295E38A200121A5C /* ProfilePresenter.swift in Sources */ = {isa = PBXBuildFile; fileRef = 22B46D8B295E38A200121A5C /* ProfilePresenter.swift */; };
		22B46D8E295E38B300121A5C /* ProfileInteractor.swift in Sources */ = {isa = PBXBuildFile; fileRef = 22B46D8D295E38B300121A5C /* ProfileInteractor.swift */; };
		22B46D90295E38C400121A5C /* ProfileInteractorInput.swift in Sources */ = {isa = PBXBuildFile; fileRef = 22B46D8F295E38C400121A5C /* ProfileInteractorInput.swift */; };
		22B46D92295E38D700121A5C /* ProfileInteractorOutput.swift in Sources */ = {isa = PBXBuildFile; fileRef = 22B46D91295E38D700121A5C /* ProfileInteractorOutput.swift */; };
		22B46D94295E38FF00121A5C /* ProfileRouterInput.swift in Sources */ = {isa = PBXBuildFile; fileRef = 22B46D93295E38FF00121A5C /* ProfileRouterInput.swift */; };
		22B46D96295E390D00121A5C /* ProfileAssembly.swift in Sources */ = {isa = PBXBuildFile; fileRef = 22B46D95295E390D00121A5C /* ProfileAssembly.swift */; };
		22B46D9A295E3DFB00121A5C /* GetUserResponse.swift in Sources */ = {isa = PBXBuildFile; fileRef = 22B46D99295E3DFB00121A5C /* GetUserResponse.swift */; };
		22D1135F2959C0360094F2A6 /* AppCoordinator.swift in Sources */ = {isa = PBXBuildFile; fileRef = 22D1135E2959C0360094F2A6 /* AppCoordinator.swift */; };
		22D113612959C06F0094F2A6 /* AppDIContainer.swift in Sources */ = {isa = PBXBuildFile; fileRef = 22D113602959C06F0094F2A6 /* AppDIContainer.swift */; };
		22D113642959C0FF0094F2A6 /* Router.swift in Sources */ = {isa = PBXBuildFile; fileRef = 22D113632959C0FF0094F2A6 /* Router.swift */; };
		22D113662959C1150094F2A6 /* BaseCoordinator.swift in Sources */ = {isa = PBXBuildFile; fileRef = 22D113652959C1150094F2A6 /* BaseCoordinator.swift */; };
		22D1136A2959C13E0094F2A6 /* CoordinatorOutput.swift in Sources */ = {isa = PBXBuildFile; fileRef = 22D113692959C13E0094F2A6 /* CoordinatorOutput.swift */; };
		22D1136C2959C1500094F2A6 /* Coordinator.swift in Sources */ = {isa = PBXBuildFile; fileRef = 22D1136B2959C1500094F2A6 /* Coordinator.swift */; };
		22D1136E2959C1620094F2A6 /* NavigationRouter.swift in Sources */ = {isa = PBXBuildFile; fileRef = 22D1136D2959C1620094F2A6 /* NavigationRouter.swift */; };
		22D113732959DC5A0094F2A6 /* AuthModule.swift in Sources */ = {isa = PBXBuildFile; fileRef = 22D113722959DC5A0094F2A6 /* AuthModule.swift */; };
		22D113752959DC700094F2A6 /* AuthDIContainer.swift in Sources */ = {isa = PBXBuildFile; fileRef = 22D113742959DC700094F2A6 /* AuthDIContainer.swift */; };
		22D113782959DCC60094F2A6 /* AuthCoordinator.swift in Sources */ = {isa = PBXBuildFile; fileRef = 22D113772959DCC60094F2A6 /* AuthCoordinator.swift */; };
		22D113822959DDF30094F2A6 /* AuthAssembly.swift in Sources */ = {isa = PBXBuildFile; fileRef = 22D113812959DDF30094F2A6 /* AuthAssembly.swift */; };
		22D113842959DE0E0094F2A6 /* AuthRouterInput.swift in Sources */ = {isa = PBXBuildFile; fileRef = 22D113832959DE0E0094F2A6 /* AuthRouterInput.swift */; };
		22D113862959DE3C0094F2A6 /* AuthInteractor.swift in Sources */ = {isa = PBXBuildFile; fileRef = 22D113852959DE3C0094F2A6 /* AuthInteractor.swift */; };
		22D113882959DE530094F2A6 /* AuthInteractorInput.swift in Sources */ = {isa = PBXBuildFile; fileRef = 22D113872959DE530094F2A6 /* AuthInteractorInput.swift */; };
		22D1138A2959DE6F0094F2A6 /* AuthInteractorOutput.swift in Sources */ = {isa = PBXBuildFile; fileRef = 22D113892959DE6F0094F2A6 /* AuthInteractorOutput.swift */; };
		22D1138E2959DE9B0094F2A6 /* AuthPresenter.swift in Sources */ = {isa = PBXBuildFile; fileRef = 22D1138D2959DE9B0094F2A6 /* AuthPresenter.swift */; };
		22D113902959DEB00094F2A6 /* AuthViewController.swift in Sources */ = {isa = PBXBuildFile; fileRef = 22D1138F2959DEB00094F2A6 /* AuthViewController.swift */; };
		22D113922959DEBD0094F2A6 /* AuthViewInput.swift in Sources */ = {isa = PBXBuildFile; fileRef = 22D113912959DEBD0094F2A6 /* AuthViewInput.swift */; };
		22D113942959DEC80094F2A6 /* AuthViewOutput.swift in Sources */ = {isa = PBXBuildFile; fileRef = 22D113932959DEC80094F2A6 /* AuthViewOutput.swift */; };
		22D113962959DED30094F2A6 /* AuthView.swift in Sources */ = {isa = PBXBuildFile; fileRef = 22D113952959DED30094F2A6 /* AuthView.swift */; };
		22D1139E2959E5ED0094F2A6 /* CheckCodeViewController.swift in Sources */ = {isa = PBXBuildFile; fileRef = 22D1139D2959E5ED0094F2A6 /* CheckCodeViewController.swift */; };
		22D113A02959E61D0094F2A6 /* CheckCodeViewInput.swift in Sources */ = {isa = PBXBuildFile; fileRef = 22D1139F2959E61D0094F2A6 /* CheckCodeViewInput.swift */; };
		22D113A22959E6340094F2A6 /* CheckCodeViewOutput.swift in Sources */ = {isa = PBXBuildFile; fileRef = 22D113A12959E6340094F2A6 /* CheckCodeViewOutput.swift */; };
		22D113A42959E6410094F2A6 /* CheckCodeVIew.swift in Sources */ = {isa = PBXBuildFile; fileRef = 22D113A32959E6410094F2A6 /* CheckCodeVIew.swift */; };
		22D113A62959E6930094F2A6 /* CheckCodePresenter.swift in Sources */ = {isa = PBXBuildFile; fileRef = 22D113A52959E6930094F2A6 /* CheckCodePresenter.swift */; };
		22D113A82959E6A40094F2A6 /* CheckCodeInteractor.swift in Sources */ = {isa = PBXBuildFile; fileRef = 22D113A72959E6A40094F2A6 /* CheckCodeInteractor.swift */; };
		22D113AA2959E6BD0094F2A6 /* CheckCodeInteractorInput.swift in Sources */ = {isa = PBXBuildFile; fileRef = 22D113A92959E6BD0094F2A6 /* CheckCodeInteractorInput.swift */; };
		22D113AC2959E6CF0094F2A6 /* CheckCodeInteractorOutput.swift in Sources */ = {isa = PBXBuildFile; fileRef = 22D113AB2959E6CF0094F2A6 /* CheckCodeInteractorOutput.swift */; };
		22D113AE2959E6FD0094F2A6 /* CheckCodeRouterInput.swift in Sources */ = {isa = PBXBuildFile; fileRef = 22D113AD2959E6FD0094F2A6 /* CheckCodeRouterInput.swift */; };
		22D113B02959E7160094F2A6 /* CheckCodeAssembly.swift in Sources */ = {isa = PBXBuildFile; fileRef = 22D113AF2959E7160094F2A6 /* CheckCodeAssembly.swift */; };
		22D113B22959E9A10094F2A6 /* CheckAuthCodeRequest.swift in Sources */ = {isa = PBXBuildFile; fileRef = 22D113B12959E9A10094F2A6 /* CheckAuthCodeRequest.swift */; };
		22D113B42959E9B50094F2A6 /* CheckAuthCodeResponse.swift in Sources */ = {isa = PBXBuildFile; fileRef = 22D113B32959E9B50094F2A6 /* CheckAuthCodeResponse.swift */; };
		22D113BC295A44520094F2A6 /* RegisterRequest.swift in Sources */ = {isa = PBXBuildFile; fileRef = 22D113BB295A44520094F2A6 /* RegisterRequest.swift */; };
		22D113BE295A446C0094F2A6 /* RegisterResponse.swift in Sources */ = {isa = PBXBuildFile; fileRef = 22D113BD295A446B0094F2A6 /* RegisterResponse.swift */; };
		22D113C0295A456C0094F2A6 /* RegisterAssembly.swift in Sources */ = {isa = PBXBuildFile; fileRef = 22D113BF295A456C0094F2A6 /* RegisterAssembly.swift */; };
		22D113C2295A45CA0094F2A6 /* RegisterRouterInput.swift in Sources */ = {isa = PBXBuildFile; fileRef = 22D113C1295A45CA0094F2A6 /* RegisterRouterInput.swift */; };
		22D113C4295A45F80094F2A6 /* RegisterInteractor.swift in Sources */ = {isa = PBXBuildFile; fileRef = 22D113C3295A45F80094F2A6 /* RegisterInteractor.swift */; };
		22D113C6295A46100094F2A6 /* RegisterInteractorInput.swift in Sources */ = {isa = PBXBuildFile; fileRef = 22D113C5295A46100094F2A6 /* RegisterInteractorInput.swift */; };
		22D113C8295A46220094F2A6 /* RegisterInteractorOutput.swift in Sources */ = {isa = PBXBuildFile; fileRef = 22D113C7295A46220094F2A6 /* RegisterInteractorOutput.swift */; };
		22D113CA295A482B0094F2A6 /* RegisterPresenter.swift in Sources */ = {isa = PBXBuildFile; fileRef = 22D113C9295A482B0094F2A6 /* RegisterPresenter.swift */; };
		22D113CC295A49310094F2A6 /* RegisterViewController.swift in Sources */ = {isa = PBXBuildFile; fileRef = 22D113CB295A49310094F2A6 /* RegisterViewController.swift */; };
		22D113CE295A49400094F2A6 /* RegisterViewInput.swift in Sources */ = {isa = PBXBuildFile; fileRef = 22D113CD295A49400094F2A6 /* RegisterViewInput.swift */; };
		22D113D0295A494E0094F2A6 /* RegisterViewOutput.swift in Sources */ = {isa = PBXBuildFile; fileRef = 22D113CF295A494E0094F2A6 /* RegisterViewOutput.swift */; };
		22D113D2295A495B0094F2A6 /* RegisterView.swift in Sources */ = {isa = PBXBuildFile; fileRef = 22D113D1295A495B0094F2A6 /* RegisterView.swift */; };
		22D113D9295B2D070094F2A6 /* Roboto.ttf in Resources */ = {isa = PBXBuildFile; fileRef = 22D113D8295B2D070094F2A6 /* Roboto.ttf */; };
		5E32C7DEE12C8C63797E78BA /* Pods_Messenger.framework in Frameworks */ = {isa = PBXBuildFile; fileRef = 80D20F6268CA69287BE7C03E /* Pods_Messenger.framework */; };
/* End PBXBuildFile section */

/* Begin PBXFileReference section */
		223CC54B2969B50A008D3F07 /* EditProfileAssembly.swift */ = {isa = PBXFileReference; lastKnownFileType = sourcecode.swift; path = EditProfileAssembly.swift; sourceTree = "<group>"; };
		223CC54D2969B5DE008D3F07 /* EditProfileRouterInput.swift */ = {isa = PBXFileReference; lastKnownFileType = sourcecode.swift; path = EditProfileRouterInput.swift; sourceTree = "<group>"; };
		223CC54F2969B60F008D3F07 /* EditProfileInteractorOutput.swift */ = {isa = PBXFileReference; lastKnownFileType = sourcecode.swift; path = EditProfileInteractorOutput.swift; sourceTree = "<group>"; };
		223CC5512969B630008D3F07 /* EditProfileInteractorInput.swift */ = {isa = PBXFileReference; lastKnownFileType = sourcecode.swift; path = EditProfileInteractorInput.swift; sourceTree = "<group>"; };
		223CC5532969B640008D3F07 /* EditProfileInteractor.swift */ = {isa = PBXFileReference; lastKnownFileType = sourcecode.swift; path = EditProfileInteractor.swift; sourceTree = "<group>"; };
		223CC5552969B65C008D3F07 /* EditProfilePresenter.swift */ = {isa = PBXFileReference; lastKnownFileType = sourcecode.swift; path = EditProfilePresenter.swift; sourceTree = "<group>"; };
		223CC5572969B674008D3F07 /* EditProfileViewController.swift */ = {isa = PBXFileReference; lastKnownFileType = sourcecode.swift; path = EditProfileViewController.swift; sourceTree = "<group>"; };
		223CC5592969B687008D3F07 /* EditProfileViewInput.swift */ = {isa = PBXFileReference; lastKnownFileType = sourcecode.swift; path = EditProfileViewInput.swift; sourceTree = "<group>"; };
		223CC55B2969B69A008D3F07 /* EditProfileViewOutput.swift */ = {isa = PBXFileReference; lastKnownFileType = sourcecode.swift; path = EditProfileViewOutput.swift; sourceTree = "<group>"; };
		223CC55D2969B6A4008D3F07 /* EditProfileView.swift */ = {isa = PBXFileReference; lastKnownFileType = sourcecode.swift; path = EditProfileView.swift; sourceTree = "<group>"; };
		223CC55F2969C01A008D3F07 /* PutUserInfo.swift */ = {isa = PBXFileReference; lastKnownFileType = sourcecode.swift; path = PutUserInfo.swift; sourceTree = "<group>"; };
		224798C2296C4AA90065521C /* ZodiacSingProtocol.swift */ = {isa = PBXFileReference; lastKnownFileType = sourcecode.swift; path = ZodiacSingProtocol.swift; sourceTree = "<group>"; };
		224798C4296C505D0065521C /* String.swift */ = {isa = PBXFileReference; lastKnownFileType = sourcecode.swift; path = String.swift; sourceTree = "<group>"; };
		224798C6296C57140065521C /* DecoderManager.swift */ = {isa = PBXFileReference; lastKnownFileType = sourcecode.swift; path = DecoderManager.swift; sourceTree = "<group>"; };
		224B08CF2958C341000D0CF4 /* Messenger.app */ = {isa = PBXFileReference; explicitFileType = wrapper.application; includeInIndex = 0; path = Messenger.app; sourceTree = BUILT_PRODUCTS_DIR; };
		224B08D22958C341000D0CF4 /* AppDelegate.swift */ = {isa = PBXFileReference; lastKnownFileType = sourcecode.swift; path = AppDelegate.swift; sourceTree = "<group>"; };
		224B08D42958C341000D0CF4 /* SceneDelegate.swift */ = {isa = PBXFileReference; lastKnownFileType = sourcecode.swift; path = SceneDelegate.swift; sourceTree = "<group>"; };
		224B08DB2958C343000D0CF4 /* Assets.xcassets */ = {isa = PBXFileReference; lastKnownFileType = folder.assetcatalog; path = Assets.xcassets; sourceTree = "<group>"; };
		224B08DE2958C343000D0CF4 /* Base */ = {isa = PBXFileReference; lastKnownFileType = file.storyboard; name = Base; path = Base.lproj/LaunchScreen.storyboard; sourceTree = "<group>"; };
		224B08E02958C343000D0CF4 /* Info.plist */ = {isa = PBXFileReference; lastKnownFileType = text.plist.xml; path = Info.plist; sourceTree = "<group>"; };
		224B08ED2958DDFE000D0CF4 /* Users.swift */ = {isa = PBXFileReference; lastKnownFileType = sourcecode.swift; path = Users.swift; sourceTree = "<group>"; };
		224B08EF2958DE27000D0CF4 /* SendAuthCodeRequest.swift */ = {isa = PBXFileReference; lastKnownFileType = sourcecode.swift; path = SendAuthCodeRequest.swift; sourceTree = "<group>"; };
		224B08F12958DE39000D0CF4 /* SendAuthCodeResponse.swift */ = {isa = PBXFileReference; lastKnownFileType = sourcecode.swift; path = SendAuthCodeResponse.swift; sourceTree = "<group>"; };
		224B08F32958DE77000D0CF4 /* AuthorizedTargetType.swift */ = {isa = PBXFileReference; lastKnownFileType = sourcecode.swift; path = AuthorizedTargetType.swift; sourceTree = "<group>"; };
		224B08F52958DEA5000D0CF4 /* Moya.Task.swift */ = {isa = PBXFileReference; lastKnownFileType = sourcecode.swift; path = Moya.Task.swift; sourceTree = "<group>"; };
		224B08F72958DEE3000D0CF4 /* Encodable.swift */ = {isa = PBXFileReference; lastKnownFileType = sourcecode.swift; path = Encodable.swift; sourceTree = "<group>"; };
		224B08F92958E374000D0CF4 /* NetworkManager.swift */ = {isa = PBXFileReference; lastKnownFileType = sourcecode.swift; path = NetworkManager.swift; sourceTree = "<group>"; };
		224B08FB2958E39D000D0CF4 /* AuthPlugin.swift */ = {isa = PBXFileReference; lastKnownFileType = sourcecode.swift; path = AuthPlugin.swift; sourceTree = "<group>"; };
		224B08FD2958E3D5000D0CF4 /* KeychainManager.swift */ = {isa = PBXFileReference; lastKnownFileType = sourcecode.swift; path = KeychainManager.swift; sourceTree = "<group>"; };
		224B09012958E431000D0CF4 /* APIManager.swift */ = {isa = PBXFileReference; lastKnownFileType = sourcecode.swift; path = APIManager.swift; sourceTree = "<group>"; };
		224B09042958E520000D0CF4 /* ErrorResponse.swift */ = {isa = PBXFileReference; lastKnownFileType = sourcecode.swift; path = ErrorResponse.swift; sourceTree = "<group>"; };
		224B09062958E540000D0CF4 /* ErrorDetail.swift */ = {isa = PBXFileReference; lastKnownFileType = sourcecode.swift; path = ErrorDetail.swift; sourceTree = "<group>"; };
		22B46D70295DCF7500121A5C /* UIView.swift */ = {isa = PBXFileReference; lastKnownFileType = sourcecode.swift; path = UIView.swift; sourceTree = "<group>"; };
		22B46D72295DD15600121A5C /* UIStackView.swift */ = {isa = PBXFileReference; lastKnownFileType = sourcecode.swift; path = UIStackView.swift; sourceTree = "<group>"; };
		22B46D76295E351000121A5C /* ProfileModule.swift */ = {isa = PBXFileReference; lastKnownFileType = sourcecode.swift; path = ProfileModule.swift; sourceTree = "<group>"; };
		22B46D78295E352100121A5C /* ProfileDIContainer.swift */ = {isa = PBXFileReference; lastKnownFileType = sourcecode.swift; path = ProfileDIContainer.swift; sourceTree = "<group>"; };
		22B46D7A295E353100121A5C /* ProfileCoordinator.swift */ = {isa = PBXFileReference; lastKnownFileType = sourcecode.swift; path = ProfileCoordinator.swift; sourceTree = "<group>"; };
		22B46D83295E385B00121A5C /* ProfileViewController.swift */ = {isa = PBXFileReference; lastKnownFileType = sourcecode.swift; path = ProfileViewController.swift; sourceTree = "<group>"; };
		22B46D85295E386D00121A5C /* ProfileViewInput.swift */ = {isa = PBXFileReference; lastKnownFileType = sourcecode.swift; path = ProfileViewInput.swift; sourceTree = "<group>"; };
		22B46D87295E388000121A5C /* ProfileViewOutput.swift */ = {isa = PBXFileReference; lastKnownFileType = sourcecode.swift; path = ProfileViewOutput.swift; sourceTree = "<group>"; };
		22B46D89295E388C00121A5C /* ProfileView.swift */ = {isa = PBXFileReference; lastKnownFileType = sourcecode.swift; path = ProfileView.swift; sourceTree = "<group>"; };
		22B46D8B295E38A200121A5C /* ProfilePresenter.swift */ = {isa = PBXFileReference; lastKnownFileType = sourcecode.swift; path = ProfilePresenter.swift; sourceTree = "<group>"; };
		22B46D8D295E38B300121A5C /* ProfileInteractor.swift */ = {isa = PBXFileReference; lastKnownFileType = sourcecode.swift; path = ProfileInteractor.swift; sourceTree = "<group>"; };
		22B46D8F295E38C400121A5C /* ProfileInteractorInput.swift */ = {isa = PBXFileReference; lastKnownFileType = sourcecode.swift; path = ProfileInteractorInput.swift; sourceTree = "<group>"; };
		22B46D91295E38D700121A5C /* ProfileInteractorOutput.swift */ = {isa = PBXFileReference; lastKnownFileType = sourcecode.swift; path = ProfileInteractorOutput.swift; sourceTree = "<group>"; };
		22B46D93295E38FF00121A5C /* ProfileRouterInput.swift */ = {isa = PBXFileReference; lastKnownFileType = sourcecode.swift; path = ProfileRouterInput.swift; sourceTree = "<group>"; };
		22B46D95295E390D00121A5C /* ProfileAssembly.swift */ = {isa = PBXFileReference; lastKnownFileType = sourcecode.swift; path = ProfileAssembly.swift; sourceTree = "<group>"; };
		22B46D99295E3DFB00121A5C /* GetUserResponse.swift */ = {isa = PBXFileReference; lastKnownFileType = sourcecode.swift; path = GetUserResponse.swift; sourceTree = "<group>"; };
		22D1135E2959C0360094F2A6 /* AppCoordinator.swift */ = {isa = PBXFileReference; lastKnownFileType = sourcecode.swift; path = AppCoordinator.swift; sourceTree = "<group>"; };
		22D113602959C06F0094F2A6 /* AppDIContainer.swift */ = {isa = PBXFileReference; lastKnownFileType = sourcecode.swift; path = AppDIContainer.swift; sourceTree = "<group>"; };
		22D113632959C0FF0094F2A6 /* Router.swift */ = {isa = PBXFileReference; lastKnownFileType = sourcecode.swift; name = Router.swift; path = Messenger/Common/Models/Router.swift; sourceTree = SOURCE_ROOT; };
		22D113652959C1150094F2A6 /* BaseCoordinator.swift */ = {isa = PBXFileReference; lastKnownFileType = sourcecode.swift; path = BaseCoordinator.swift; sourceTree = "<group>"; };
		22D113692959C13E0094F2A6 /* CoordinatorOutput.swift */ = {isa = PBXFileReference; lastKnownFileType = sourcecode.swift; path = CoordinatorOutput.swift; sourceTree = "<group>"; };
		22D1136B2959C1500094F2A6 /* Coordinator.swift */ = {isa = PBXFileReference; lastKnownFileType = sourcecode.swift; path = Coordinator.swift; sourceTree = "<group>"; };
		22D1136D2959C1620094F2A6 /* NavigationRouter.swift */ = {isa = PBXFileReference; lastKnownFileType = sourcecode.swift; path = NavigationRouter.swift; sourceTree = "<group>"; };
		22D113722959DC5A0094F2A6 /* AuthModule.swift */ = {isa = PBXFileReference; lastKnownFileType = sourcecode.swift; path = AuthModule.swift; sourceTree = "<group>"; };
		22D113742959DC700094F2A6 /* AuthDIContainer.swift */ = {isa = PBXFileReference; lastKnownFileType = sourcecode.swift; path = AuthDIContainer.swift; sourceTree = "<group>"; };
		22D113772959DCC60094F2A6 /* AuthCoordinator.swift */ = {isa = PBXFileReference; lastKnownFileType = sourcecode.swift; path = AuthCoordinator.swift; sourceTree = "<group>"; };
		22D113812959DDF30094F2A6 /* AuthAssembly.swift */ = {isa = PBXFileReference; lastKnownFileType = sourcecode.swift; path = AuthAssembly.swift; sourceTree = "<group>"; };
		22D113832959DE0E0094F2A6 /* AuthRouterInput.swift */ = {isa = PBXFileReference; lastKnownFileType = sourcecode.swift; path = AuthRouterInput.swift; sourceTree = "<group>"; };
		22D113852959DE3C0094F2A6 /* AuthInteractor.swift */ = {isa = PBXFileReference; lastKnownFileType = sourcecode.swift; path = AuthInteractor.swift; sourceTree = "<group>"; };
		22D113872959DE530094F2A6 /* AuthInteractorInput.swift */ = {isa = PBXFileReference; lastKnownFileType = sourcecode.swift; path = AuthInteractorInput.swift; sourceTree = "<group>"; };
		22D113892959DE6F0094F2A6 /* AuthInteractorOutput.swift */ = {isa = PBXFileReference; lastKnownFileType = sourcecode.swift; path = AuthInteractorOutput.swift; sourceTree = "<group>"; };
		22D1138D2959DE9B0094F2A6 /* AuthPresenter.swift */ = {isa = PBXFileReference; lastKnownFileType = sourcecode.swift; path = AuthPresenter.swift; sourceTree = "<group>"; };
		22D1138F2959DEB00094F2A6 /* AuthViewController.swift */ = {isa = PBXFileReference; lastKnownFileType = sourcecode.swift; path = AuthViewController.swift; sourceTree = "<group>"; };
		22D113912959DEBD0094F2A6 /* AuthViewInput.swift */ = {isa = PBXFileReference; lastKnownFileType = sourcecode.swift; path = AuthViewInput.swift; sourceTree = "<group>"; };
		22D113932959DEC80094F2A6 /* AuthViewOutput.swift */ = {isa = PBXFileReference; lastKnownFileType = sourcecode.swift; path = AuthViewOutput.swift; sourceTree = "<group>"; };
		22D113952959DED30094F2A6 /* AuthView.swift */ = {isa = PBXFileReference; lastKnownFileType = sourcecode.swift; path = AuthView.swift; sourceTree = "<group>"; };
		22D1139D2959E5ED0094F2A6 /* CheckCodeViewController.swift */ = {isa = PBXFileReference; lastKnownFileType = sourcecode.swift; path = CheckCodeViewController.swift; sourceTree = "<group>"; };
		22D1139F2959E61D0094F2A6 /* CheckCodeViewInput.swift */ = {isa = PBXFileReference; lastKnownFileType = sourcecode.swift; path = CheckCodeViewInput.swift; sourceTree = "<group>"; };
		22D113A12959E6340094F2A6 /* CheckCodeViewOutput.swift */ = {isa = PBXFileReference; lastKnownFileType = sourcecode.swift; path = CheckCodeViewOutput.swift; sourceTree = "<group>"; };
		22D113A32959E6410094F2A6 /* CheckCodeVIew.swift */ = {isa = PBXFileReference; lastKnownFileType = sourcecode.swift; path = CheckCodeVIew.swift; sourceTree = "<group>"; };
		22D113A52959E6930094F2A6 /* CheckCodePresenter.swift */ = {isa = PBXFileReference; lastKnownFileType = sourcecode.swift; path = CheckCodePresenter.swift; sourceTree = "<group>"; };
		22D113A72959E6A40094F2A6 /* CheckCodeInteractor.swift */ = {isa = PBXFileReference; lastKnownFileType = sourcecode.swift; path = CheckCodeInteractor.swift; sourceTree = "<group>"; };
		22D113A92959E6BD0094F2A6 /* CheckCodeInteractorInput.swift */ = {isa = PBXFileReference; lastKnownFileType = sourcecode.swift; path = CheckCodeInteractorInput.swift; sourceTree = "<group>"; };
		22D113AB2959E6CF0094F2A6 /* CheckCodeInteractorOutput.swift */ = {isa = PBXFileReference; lastKnownFileType = sourcecode.swift; path = CheckCodeInteractorOutput.swift; sourceTree = "<group>"; };
		22D113AD2959E6FD0094F2A6 /* CheckCodeRouterInput.swift */ = {isa = PBXFileReference; lastKnownFileType = sourcecode.swift; path = CheckCodeRouterInput.swift; sourceTree = "<group>"; };
		22D113AF2959E7160094F2A6 /* CheckCodeAssembly.swift */ = {isa = PBXFileReference; lastKnownFileType = sourcecode.swift; path = CheckCodeAssembly.swift; sourceTree = "<group>"; };
		22D113B12959E9A10094F2A6 /* CheckAuthCodeRequest.swift */ = {isa = PBXFileReference; lastKnownFileType = sourcecode.swift; path = CheckAuthCodeRequest.swift; sourceTree = "<group>"; };
		22D113B32959E9B50094F2A6 /* CheckAuthCodeResponse.swift */ = {isa = PBXFileReference; lastKnownFileType = sourcecode.swift; path = CheckAuthCodeResponse.swift; sourceTree = "<group>"; };
		22D113BB295A44520094F2A6 /* RegisterRequest.swift */ = {isa = PBXFileReference; lastKnownFileType = sourcecode.swift; path = RegisterRequest.swift; sourceTree = "<group>"; };
		22D113BD295A446B0094F2A6 /* RegisterResponse.swift */ = {isa = PBXFileReference; lastKnownFileType = sourcecode.swift; path = RegisterResponse.swift; sourceTree = "<group>"; };
		22D113BF295A456C0094F2A6 /* RegisterAssembly.swift */ = {isa = PBXFileReference; lastKnownFileType = sourcecode.swift; path = RegisterAssembly.swift; sourceTree = "<group>"; };
		22D113C1295A45CA0094F2A6 /* RegisterRouterInput.swift */ = {isa = PBXFileReference; lastKnownFileType = sourcecode.swift; path = RegisterRouterInput.swift; sourceTree = "<group>"; };
		22D113C3295A45F80094F2A6 /* RegisterInteractor.swift */ = {isa = PBXFileReference; lastKnownFileType = sourcecode.swift; path = RegisterInteractor.swift; sourceTree = "<group>"; };
		22D113C5295A46100094F2A6 /* RegisterInteractorInput.swift */ = {isa = PBXFileReference; lastKnownFileType = sourcecode.swift; path = RegisterInteractorInput.swift; sourceTree = "<group>"; };
		22D113C7295A46220094F2A6 /* RegisterInteractorOutput.swift */ = {isa = PBXFileReference; lastKnownFileType = sourcecode.swift; path = RegisterInteractorOutput.swift; sourceTree = "<group>"; };
		22D113C9295A482B0094F2A6 /* RegisterPresenter.swift */ = {isa = PBXFileReference; lastKnownFileType = sourcecode.swift; path = RegisterPresenter.swift; sourceTree = "<group>"; };
		22D113CB295A49310094F2A6 /* RegisterViewController.swift */ = {isa = PBXFileReference; lastKnownFileType = sourcecode.swift; path = RegisterViewController.swift; sourceTree = "<group>"; };
		22D113CD295A49400094F2A6 /* RegisterViewInput.swift */ = {isa = PBXFileReference; lastKnownFileType = sourcecode.swift; path = RegisterViewInput.swift; sourceTree = "<group>"; };
		22D113CF295A494E0094F2A6 /* RegisterViewOutput.swift */ = {isa = PBXFileReference; lastKnownFileType = sourcecode.swift; path = RegisterViewOutput.swift; sourceTree = "<group>"; };
		22D113D1295A495B0094F2A6 /* RegisterView.swift */ = {isa = PBXFileReference; lastKnownFileType = sourcecode.swift; path = RegisterView.swift; sourceTree = "<group>"; };
		22D113D8295B2D070094F2A6 /* Roboto.ttf */ = {isa = PBXFileReference; lastKnownFileType = file; path = Roboto.ttf; sourceTree = "<group>"; };
		80D20F6268CA69287BE7C03E /* Pods_Messenger.framework */ = {isa = PBXFileReference; explicitFileType = wrapper.framework; includeInIndex = 0; path = Pods_Messenger.framework; sourceTree = BUILT_PRODUCTS_DIR; };
		856AC54DE8EDEBFF1BE89953 /* Pods-Messenger.debug.xcconfig */ = {isa = PBXFileReference; includeInIndex = 1; lastKnownFileType = text.xcconfig; name = "Pods-Messenger.debug.xcconfig"; path = "Target Support Files/Pods-Messenger/Pods-Messenger.debug.xcconfig"; sourceTree = "<group>"; };
		C409A58B5534458E19835F28 /* Pods-Messenger.release.xcconfig */ = {isa = PBXFileReference; includeInIndex = 1; lastKnownFileType = text.xcconfig; name = "Pods-Messenger.release.xcconfig"; path = "Target Support Files/Pods-Messenger/Pods-Messenger.release.xcconfig"; sourceTree = "<group>"; };
/* End PBXFileReference section */

/* Begin PBXFrameworksBuildPhase section */
		224B08CC2958C341000D0CF4 /* Frameworks */ = {
			isa = PBXFrameworksBuildPhase;
			buildActionMask = 2147483647;
			files = (
				5E32C7DEE12C8C63797E78BA /* Pods_Messenger.framework in Frameworks */,
			);
			runOnlyForDeploymentPostprocessing = 0;
		};
/* End PBXFrameworksBuildPhase section */

/* Begin PBXGroup section */
		223CC5462969B3AB008D3F07 /* View */ = {
			isa = PBXGroup;
			children = (
				223CC5572969B674008D3F07 /* EditProfileViewController.swift */,
				223CC5592969B687008D3F07 /* EditProfileViewInput.swift */,
				223CC55B2969B69A008D3F07 /* EditProfileViewOutput.swift */,
				223CC55D2969B6A4008D3F07 /* EditProfileView.swift */,
			);
			path = View;
			sourceTree = "<group>";
		};
		223CC5472969B3B7008D3F07 /* Presenter */ = {
			isa = PBXGroup;
			children = (
				223CC5552969B65C008D3F07 /* EditProfilePresenter.swift */,
			);
			path = Presenter;
			sourceTree = "<group>";
		};
		223CC5482969B3C7008D3F07 /* Interactor */ = {
			isa = PBXGroup;
			children = (
				223CC5532969B640008D3F07 /* EditProfileInteractor.swift */,
				223CC5512969B630008D3F07 /* EditProfileInteractorInput.swift */,
				223CC54F2969B60F008D3F07 /* EditProfileInteractorOutput.swift */,
			);
			path = Interactor;
			sourceTree = "<group>";
		};
		223CC5492969B3CF008D3F07 /* Router */ = {
			isa = PBXGroup;
			children = (
				223CC54D2969B5DE008D3F07 /* EditProfileRouterInput.swift */,
			);
			path = Router;
			sourceTree = "<group>";
		};
		223CC54A2969B3DE008D3F07 /* Assembly */ = {
			isa = PBXGroup;
			children = (
				223CC54B2969B50A008D3F07 /* EditProfileAssembly.swift */,
			);
			path = Assembly;
			sourceTree = "<group>";
		};
		224798C1296C4A8D0065521C /* Protocols */ = {
			isa = PBXGroup;
			children = (
				224798C2296C4AA90065521C /* ZodiacSingProtocol.swift */,
			);
			path = Protocols;
			sourceTree = "<group>";
		};
		224B08C62958C340000D0CF4 = {
			isa = PBXGroup;
			children = (
				224B08D12958C341000D0CF4 /* Messenger */,
				224B08D02958C341000D0CF4 /* Products */,
				6A4A796E48852F4B9F9A83A0 /* Pods */,
				DD02B628DBEE6BF99F0FF0DA /* Frameworks */,
			);
			sourceTree = "<group>";
		};
		224B08D02958C341000D0CF4 /* Products */ = {
			isa = PBXGroup;
			children = (
				224B08CF2958C341000D0CF4 /* Messenger.app */,
			);
			name = Products;
			sourceTree = "<group>";
		};
		224B08D12958C341000D0CF4 /* Messenger */ = {
			isa = PBXGroup;
			children = (
				22D1136F2959C50A0094F2A6 /* Modules */,
				224B08E62958DD59000D0CF4 /* Common */,
				224B08D22958C341000D0CF4 /* AppDelegate.swift */,
				22D1135E2959C0360094F2A6 /* AppCoordinator.swift */,
				22D113602959C06F0094F2A6 /* AppDIContainer.swift */,
				224B08D42958C341000D0CF4 /* SceneDelegate.swift */,
				224B08DB2958C343000D0CF4 /* Assets.xcassets */,
				224B08DD2958C343000D0CF4 /* LaunchScreen.storyboard */,
				224B08E02958C343000D0CF4 /* Info.plist */,
			);
			path = Messenger;
			sourceTree = "<group>";
		};
		224B08E62958DD59000D0CF4 /* Common */ = {
			isa = PBXGroup;
			children = (
				22D113622959C0ED0094F2A6 /* Coordinator */,
				224B08E72958DD80000D0CF4 /* Extensions */,
				224B08E82958DD8C000D0CF4 /* Entities */,
				224B08E92958DD97000D0CF4 /* Models */,
				224B08EA2958DD9F000D0CF4 /* Managers */,
			);
			path = Common;
			sourceTree = "<group>";
		};
		224B08E72958DD80000D0CF4 /* Extensions */ = {
			isa = PBXGroup;
			children = (
				224B08F72958DEE3000D0CF4 /* Encodable.swift */,
				224B08F52958DEA5000D0CF4 /* Moya.Task.swift */,
				22B46D70295DCF7500121A5C /* UIView.swift */,
				22B46D72295DD15600121A5C /* UIStackView.swift */,
				224798C4296C505D0065521C /* String.swift */,
			);
			path = Extensions;
			sourceTree = "<group>";
		};
		224B08E82958DD8C000D0CF4 /* Entities */ = {
			isa = PBXGroup;
			children = (
				224798C1296C4A8D0065521C /* Protocols */,
				22D113D7295B2CBF0094F2A6 /* Fonts */,
				224B09032958E4FA000D0CF4 /* Error */,
				224B08ED2958DDFE000D0CF4 /* Users.swift */,
			);
			path = Entities;
			sourceTree = "<group>";
		};
		224B08E92958DD97000D0CF4 /* Models */ = {
			isa = PBXGroup;
			children = (
				224B08EC2958DDBF000D0CF4 /* Request */,
				224B08EB2958DDB7000D0CF4 /* Response */,
			);
			path = Models;
			sourceTree = "<group>";
		};
		224B08EA2958DD9F000D0CF4 /* Managers */ = {
			isa = PBXGroup;
			children = (
				224B08F92958E374000D0CF4 /* NetworkManager.swift */,
				224B08FB2958E39D000D0CF4 /* AuthPlugin.swift */,
				224B08F32958DE77000D0CF4 /* AuthorizedTargetType.swift */,
				224B09012958E431000D0CF4 /* APIManager.swift */,
				224B08FD2958E3D5000D0CF4 /* KeychainManager.swift */,
				224798C6296C57140065521C /* DecoderManager.swift */,
			);
			path = Managers;
			sourceTree = "<group>";
		};
		224B08EB2958DDB7000D0CF4 /* Response */ = {
			isa = PBXGroup;
			children = (
				224B08F12958DE39000D0CF4 /* SendAuthCodeResponse.swift */,
				22D113B32959E9B50094F2A6 /* CheckAuthCodeResponse.swift */,
				22D113BD295A446B0094F2A6 /* RegisterResponse.swift */,
				22B46D99295E3DFB00121A5C /* GetUserResponse.swift */,
			);
			path = Response;
			sourceTree = "<group>";
		};
		224B08EC2958DDBF000D0CF4 /* Request */ = {
			isa = PBXGroup;
			children = (
				224B08EF2958DE27000D0CF4 /* SendAuthCodeRequest.swift */,
				22D113B12959E9A10094F2A6 /* CheckAuthCodeRequest.swift */,
				22D113BB295A44520094F2A6 /* RegisterRequest.swift */,
				223CC55F2969C01A008D3F07 /* PutUserInfo.swift */,
			);
			path = Request;
			sourceTree = "<group>";
		};
		224B09032958E4FA000D0CF4 /* Error */ = {
			isa = PBXGroup;
			children = (
				224B09042958E520000D0CF4 /* ErrorResponse.swift */,
				224B09062958E540000D0CF4 /* ErrorDetail.swift */,
			);
			path = Error;
			sourceTree = "<group>";
		};
		22B46D74295E34D600121A5C /* Profile */ = {
			isa = PBXGroup;
			children = (
				22B46D76295E351000121A5C /* ProfileModule.swift */,
				22B46D78295E352100121A5C /* ProfileDIContainer.swift */,
				22B46D7A295E353100121A5C /* ProfileCoordinator.swift */,
				22B46D75295E34FE00121A5C /* Scenes */,
			);
			path = Profile;
			sourceTree = "<group>";
		};
		22B46D75295E34FE00121A5C /* Scenes */ = {
			isa = PBXGroup;
			children = (
				22B46D7D295E354B00121A5C /* Profile */,
				22B46D7C295E354100121A5C /* EditProfile */,
			);
			path = Scenes;
			sourceTree = "<group>";
		};
		22B46D7C295E354100121A5C /* EditProfile */ = {
			isa = PBXGroup;
			children = (
				223CC54A2969B3DE008D3F07 /* Assembly */,
				223CC5492969B3CF008D3F07 /* Router */,
				223CC5482969B3C7008D3F07 /* Interactor */,
				223CC5472969B3B7008D3F07 /* Presenter */,
				223CC5462969B3AB008D3F07 /* View */,
			);
			path = EditProfile;
			sourceTree = "<group>";
		};
		22B46D7D295E354B00121A5C /* Profile */ = {
			isa = PBXGroup;
			children = (
				22B46D82295E383300121A5C /* Assembly */,
				22B46D81295E382E00121A5C /* Router */,
				22B46D80295E382700121A5C /* Interactor */,
				22B46D7F295E381F00121A5C /* Presenter */,
				22B46D7E295E381800121A5C /* View */,
			);
			path = Profile;
			sourceTree = "<group>";
		};
		22B46D7E295E381800121A5C /* View */ = {
			isa = PBXGroup;
			children = (
				22B46D83295E385B00121A5C /* ProfileViewController.swift */,
				22B46D85295E386D00121A5C /* ProfileViewInput.swift */,
				22B46D87295E388000121A5C /* ProfileViewOutput.swift */,
				22B46D89295E388C00121A5C /* ProfileView.swift */,
			);
			path = View;
			sourceTree = "<group>";
		};
		22B46D7F295E381F00121A5C /* Presenter */ = {
			isa = PBXGroup;
			children = (
				22B46D8B295E38A200121A5C /* ProfilePresenter.swift */,
			);
			path = Presenter;
			sourceTree = "<group>";
		};
		22B46D80295E382700121A5C /* Interactor */ = {
			isa = PBXGroup;
			children = (
				22B46D8D295E38B300121A5C /* ProfileInteractor.swift */,
				22B46D8F295E38C400121A5C /* ProfileInteractorInput.swift */,
				22B46D91295E38D700121A5C /* ProfileInteractorOutput.swift */,
			);
			path = Interactor;
			sourceTree = "<group>";
		};
		22B46D81295E382E00121A5C /* Router */ = {
			isa = PBXGroup;
			children = (
				22B46D93295E38FF00121A5C /* ProfileRouterInput.swift */,
			);
			path = Router;
			sourceTree = "<group>";
		};
		22B46D82295E383300121A5C /* Assembly */ = {
			isa = PBXGroup;
			children = (
				22B46D95295E390D00121A5C /* ProfileAssembly.swift */,
			);
			path = Assembly;
			sourceTree = "<group>";
		};
		22D113622959C0ED0094F2A6 /* Coordinator */ = {
			isa = PBXGroup;
			children = (
				22D113632959C0FF0094F2A6 /* Router.swift */,
				22D1136D2959C1620094F2A6 /* NavigationRouter.swift */,
				22D1136B2959C1500094F2A6 /* Coordinator.swift */,
				22D113692959C13E0094F2A6 /* CoordinatorOutput.swift */,
				22D113652959C1150094F2A6 /* BaseCoordinator.swift */,
			);
			path = Coordinator;
			sourceTree = "<group>";
		};
		22D1136F2959C50A0094F2A6 /* Modules */ = {
			isa = PBXGroup;
			children = (
				22D113762959DC9F0094F2A6 /* Auth */,
				22B46D74295E34D600121A5C /* Profile */,
			);
			path = Modules;
			sourceTree = "<group>";
		};
		22D113702959C5290094F2A6 /* Scenes */ = {
			isa = PBXGroup;
			children = (
				22D113712959C53C0094F2A6 /* Auth */,
				22D113972959E5620094F2A6 /* CheckCode */,
				22D113B5295A43AA0094F2A6 /* Register */,
			);
			path = Scenes;
			sourceTree = "<group>";
		};
		22D113712959C53C0094F2A6 /* Auth */ = {
			isa = PBXGroup;
			children = (
				22D113802959DD790094F2A6 /* Assembly */,
				22D1137F2959DD700094F2A6 /* Router */,
				22D1137D2959DD5A0094F2A6 /* Interactor */,
				22D1137C2959DD560094F2A6 /* Presenter */,
				22D1137B2959DD340094F2A6 /* View */,
			);
			path = Auth;
			sourceTree = "<group>";
		};
		22D113762959DC9F0094F2A6 /* Auth */ = {
			isa = PBXGroup;
			children = (
				22D113722959DC5A0094F2A6 /* AuthModule.swift */,
				22D113742959DC700094F2A6 /* AuthDIContainer.swift */,
				22D113772959DCC60094F2A6 /* AuthCoordinator.swift */,
				22D113702959C5290094F2A6 /* Scenes */,
			);
			path = Auth;
			sourceTree = "<group>";
		};
		22D1137B2959DD340094F2A6 /* View */ = {
			isa = PBXGroup;
			children = (
				22D1138F2959DEB00094F2A6 /* AuthViewController.swift */,
				22D113912959DEBD0094F2A6 /* AuthViewInput.swift */,
				22D113932959DEC80094F2A6 /* AuthViewOutput.swift */,
				22D113952959DED30094F2A6 /* AuthView.swift */,
			);
			path = View;
			sourceTree = "<group>";
		};
		22D1137C2959DD560094F2A6 /* Presenter */ = {
			isa = PBXGroup;
			children = (
				22D1138D2959DE9B0094F2A6 /* AuthPresenter.swift */,
			);
			path = Presenter;
			sourceTree = "<group>";
		};
		22D1137D2959DD5A0094F2A6 /* Interactor */ = {
			isa = PBXGroup;
			children = (
				22D113852959DE3C0094F2A6 /* AuthInteractor.swift */,
				22D113872959DE530094F2A6 /* AuthInteractorInput.swift */,
				22D113892959DE6F0094F2A6 /* AuthInteractorOutput.swift */,
			);
			path = Interactor;
			sourceTree = "<group>";
		};
		22D1137F2959DD700094F2A6 /* Router */ = {
			isa = PBXGroup;
			children = (
				22D113832959DE0E0094F2A6 /* AuthRouterInput.swift */,
			);
			path = Router;
			sourceTree = "<group>";
		};
		22D113802959DD790094F2A6 /* Assembly */ = {
			isa = PBXGroup;
			children = (
				22D113812959DDF30094F2A6 /* AuthAssembly.swift */,
			);
			path = Assembly;
			sourceTree = "<group>";
		};
		22D113972959E5620094F2A6 /* CheckCode */ = {
			isa = PBXGroup;
			children = (
				22D1139C2959E5CB0094F2A6 /* Assembly */,
				22D1139B2959E5C10094F2A6 /* Router */,
				22D1139A2959E5B80094F2A6 /* Interactor */,
				22D113992959E5B10094F2A6 /* Presenter */,
				22D113982959E5AB0094F2A6 /* View */,
			);
			path = CheckCode;
			sourceTree = "<group>";
		};
		22D113982959E5AB0094F2A6 /* View */ = {
			isa = PBXGroup;
			children = (
				22D1139D2959E5ED0094F2A6 /* CheckCodeViewController.swift */,
				22D1139F2959E61D0094F2A6 /* CheckCodeViewInput.swift */,
				22D113A12959E6340094F2A6 /* CheckCodeViewOutput.swift */,
				22D113A32959E6410094F2A6 /* CheckCodeVIew.swift */,
			);
			path = View;
			sourceTree = "<group>";
		};
		22D113992959E5B10094F2A6 /* Presenter */ = {
			isa = PBXGroup;
			children = (
				22D113A52959E6930094F2A6 /* CheckCodePresenter.swift */,
			);
			path = Presenter;
			sourceTree = "<group>";
		};
		22D1139A2959E5B80094F2A6 /* Interactor */ = {
			isa = PBXGroup;
			children = (
				22D113A72959E6A40094F2A6 /* CheckCodeInteractor.swift */,
				22D113A92959E6BD0094F2A6 /* CheckCodeInteractorInput.swift */,
				22D113AB2959E6CF0094F2A6 /* CheckCodeInteractorOutput.swift */,
			);
			path = Interactor;
			sourceTree = "<group>";
		};
		22D1139B2959E5C10094F2A6 /* Router */ = {
			isa = PBXGroup;
			children = (
				22D113AD2959E6FD0094F2A6 /* CheckCodeRouterInput.swift */,
			);
			path = Router;
			sourceTree = "<group>";
		};
		22D1139C2959E5CB0094F2A6 /* Assembly */ = {
			isa = PBXGroup;
			children = (
				22D113AF2959E7160094F2A6 /* CheckCodeAssembly.swift */,
			);
			path = Assembly;
			sourceTree = "<group>";
		};
		22D113B5295A43AA0094F2A6 /* Register */ = {
			isa = PBXGroup;
			children = (
				22D113BA295A43FD0094F2A6 /* Assembly */,
				22D113B9295A43F60094F2A6 /* Router */,
				22D113B8295A43ED0094F2A6 /* Interator */,
				22D113B7295A43E60094F2A6 /* Presenter */,
				22D113B6295A43E10094F2A6 /* View */,
			);
			path = Register;
			sourceTree = "<group>";
		};
		22D113B6295A43E10094F2A6 /* View */ = {
			isa = PBXGroup;
			children = (
				22D113CB295A49310094F2A6 /* RegisterViewController.swift */,
				22D113CD295A49400094F2A6 /* RegisterViewInput.swift */,
				22D113CF295A494E0094F2A6 /* RegisterViewOutput.swift */,
				22D113D1295A495B0094F2A6 /* RegisterView.swift */,
			);
			path = View;
			sourceTree = "<group>";
		};
		22D113B7295A43E60094F2A6 /* Presenter */ = {
			isa = PBXGroup;
			children = (
				22D113C9295A482B0094F2A6 /* RegisterPresenter.swift */,
			);
			path = Presenter;
			sourceTree = "<group>";
		};
		22D113B8295A43ED0094F2A6 /* Interator */ = {
			isa = PBXGroup;
			children = (
				22D113C3295A45F80094F2A6 /* RegisterInteractor.swift */,
				22D113C5295A46100094F2A6 /* RegisterInteractorInput.swift */,
				22D113C7295A46220094F2A6 /* RegisterInteractorOutput.swift */,
			);
			path = Interator;
			sourceTree = "<group>";
		};
		22D113B9295A43F60094F2A6 /* Router */ = {
			isa = PBXGroup;
			children = (
				22D113C1295A45CA0094F2A6 /* RegisterRouterInput.swift */,
			);
			path = Router;
			sourceTree = "<group>";
		};
		22D113BA295A43FD0094F2A6 /* Assembly */ = {
			isa = PBXGroup;
			children = (
				22D113BF295A456C0094F2A6 /* RegisterAssembly.swift */,
			);
			path = Assembly;
			sourceTree = "<group>";
		};
		22D113D7295B2CBF0094F2A6 /* Fonts */ = {
			isa = PBXGroup;
			children = (
				22D113D8295B2D070094F2A6 /* Roboto.ttf */,
			);
			path = Fonts;
			sourceTree = "<group>";
		};
		6A4A796E48852F4B9F9A83A0 /* Pods */ = {
			isa = PBXGroup;
			children = (
				856AC54DE8EDEBFF1BE89953 /* Pods-Messenger.debug.xcconfig */,
				C409A58B5534458E19835F28 /* Pods-Messenger.release.xcconfig */,
			);
			path = Pods;
			sourceTree = "<group>";
		};
		DD02B628DBEE6BF99F0FF0DA /* Frameworks */ = {
			isa = PBXGroup;
			children = (
				80D20F6268CA69287BE7C03E /* Pods_Messenger.framework */,
			);
			name = Frameworks;
			sourceTree = "<group>";
		};
/* End PBXGroup section */

/* Begin PBXNativeTarget section */
		224B08CE2958C341000D0CF4 /* Messenger */ = {
			isa = PBXNativeTarget;
			buildConfigurationList = 224B08E32958C343000D0CF4 /* Build configuration list for PBXNativeTarget "Messenger" */;
			buildPhases = (
				43B958621BDEA453E3A7995E /* [CP] Check Pods Manifest.lock */,
				224B08CB2958C341000D0CF4 /* Sources */,
				224B08CC2958C341000D0CF4 /* Frameworks */,
				224B08CD2958C341000D0CF4 /* Resources */,
				E9EA9B11F1F09BA32C1917EF /* [CP] Embed Pods Frameworks */,
			);
			buildRules = (
			);
			dependencies = (
			);
			name = Messenger;
			productName = Messenger;
			productReference = 224B08CF2958C341000D0CF4 /* Messenger.app */;
			productType = "com.apple.product-type.application";
		};
/* End PBXNativeTarget section */

/* Begin PBXProject section */
		224B08C72958C340000D0CF4 /* Project object */ = {
			isa = PBXProject;
			attributes = {
				BuildIndependentTargetsInParallel = 1;
				LastSwiftUpdateCheck = 1420;
				LastUpgradeCheck = 1420;
				TargetAttributes = {
					224B08CE2958C341000D0CF4 = {
						CreatedOnToolsVersion = 14.2;
					};
				};
			};
			buildConfigurationList = 224B08CA2958C340000D0CF4 /* Build configuration list for PBXProject "Messenger" */;
			compatibilityVersion = "Xcode 14.0";
			developmentRegion = en;
			hasScannedForEncodings = 0;
			knownRegions = (
				en,
				Base,
			);
			mainGroup = 224B08C62958C340000D0CF4;
			productRefGroup = 224B08D02958C341000D0CF4 /* Products */;
			projectDirPath = "";
			projectRoot = "";
			targets = (
				224B08CE2958C341000D0CF4 /* Messenger */,
			);
		};
/* End PBXProject section */

/* Begin PBXResourcesBuildPhase section */
		224B08CD2958C341000D0CF4 /* Resources */ = {
			isa = PBXResourcesBuildPhase;
			buildActionMask = 2147483647;
			files = (
				22D113D9295B2D070094F2A6 /* Roboto.ttf in Resources */,
				224B08DF2958C343000D0CF4 /* LaunchScreen.storyboard in Resources */,
				224B08DC2958C343000D0CF4 /* Assets.xcassets in Resources */,
			);
			runOnlyForDeploymentPostprocessing = 0;
		};
/* End PBXResourcesBuildPhase section */

/* Begin PBXShellScriptBuildPhase section */
		43B958621BDEA453E3A7995E /* [CP] Check Pods Manifest.lock */ = {
			isa = PBXShellScriptBuildPhase;
			buildActionMask = 2147483647;
			files = (
			);
			inputFileListPaths = (
			);
			inputPaths = (
				"${PODS_PODFILE_DIR_PATH}/Podfile.lock",
				"${PODS_ROOT}/Manifest.lock",
			);
			name = "[CP] Check Pods Manifest.lock";
			outputFileListPaths = (
			);
			outputPaths = (
				"$(DERIVED_FILE_DIR)/Pods-Messenger-checkManifestLockResult.txt",
			);
			runOnlyForDeploymentPostprocessing = 0;
			shellPath = /bin/sh;
			shellScript = "diff \"${PODS_PODFILE_DIR_PATH}/Podfile.lock\" \"${PODS_ROOT}/Manifest.lock\" > /dev/null\nif [ $? != 0 ] ; then\n    # print error to STDERR\n    echo \"error: The sandbox is not in sync with the Podfile.lock. Run 'pod install' or update your CocoaPods installation.\" >&2\n    exit 1\nfi\n# This output is used by Xcode 'outputs' to avoid re-running this script phase.\necho \"SUCCESS\" > \"${SCRIPT_OUTPUT_FILE_0}\"\n";
			showEnvVarsInLog = 0;
		};
		E9EA9B11F1F09BA32C1917EF /* [CP] Embed Pods Frameworks */ = {
			isa = PBXShellScriptBuildPhase;
			buildActionMask = 2147483647;
			files = (
			);
			inputFileListPaths = (
				"${PODS_ROOT}/Target Support Files/Pods-Messenger/Pods-Messenger-frameworks-${CONFIGURATION}-input-files.xcfilelist",
			);
			name = "[CP] Embed Pods Frameworks";
			outputFileListPaths = (
				"${PODS_ROOT}/Target Support Files/Pods-Messenger/Pods-Messenger-frameworks-${CONFIGURATION}-output-files.xcfilelist",
			);
			runOnlyForDeploymentPostprocessing = 0;
			shellPath = /bin/sh;
			shellScript = "\"${PODS_ROOT}/Target Support Files/Pods-Messenger/Pods-Messenger-frameworks.sh\"\n";
			showEnvVarsInLog = 0;
		};
/* End PBXShellScriptBuildPhase section */

/* Begin PBXSourcesBuildPhase section */
		224B08CB2958C341000D0CF4 /* Sources */ = {
			isa = PBXSourcesBuildPhase;
			buildActionMask = 2147483647;
			files = (
				22D113B02959E7160094F2A6 /* CheckCodeAssembly.swift in Sources */,
				22D1138E2959DE9B0094F2A6 /* AuthPresenter.swift in Sources */,
				22D113A42959E6410094F2A6 /* CheckCodeVIew.swift in Sources */,
				22B46D73295DD15600121A5C /* UIStackView.swift in Sources */,
				223CC5502969B60F008D3F07 /* EditProfileInteractorOutput.swift in Sources */,
				22B46D90295E38C400121A5C /* ProfileInteractorInput.swift in Sources */,
				224B08FA2958E374000D0CF4 /* NetworkManager.swift in Sources */,
				22D113A02959E61D0094F2A6 /* CheckCodeViewInput.swift in Sources */,
				224798C7296C57140065521C /* DecoderManager.swift in Sources */,
				22B46D86295E386D00121A5C /* ProfileViewInput.swift in Sources */,
				22D113C8295A46220094F2A6 /* RegisterInteractorOutput.swift in Sources */,
				22B46D7B295E353100121A5C /* ProfileCoordinator.swift in Sources */,
				22D113752959DC700094F2A6 /* AuthDIContainer.swift in Sources */,
				22D113902959DEB00094F2A6 /* AuthViewController.swift in Sources */,
				223CC5582969B674008D3F07 /* EditProfileViewController.swift in Sources */,
				22B46D92295E38D700121A5C /* ProfileInteractorOutput.swift in Sources */,
				224B08F62958DEA5000D0CF4 /* Moya.Task.swift in Sources */,
				223CC54C2969B50A008D3F07 /* EditProfileAssembly.swift in Sources */,
				22D113B22959E9A10094F2A6 /* CheckAuthCodeRequest.swift in Sources */,
				22D113A22959E6340094F2A6 /* CheckCodeViewOutput.swift in Sources */,
				224798C3296C4AAA0065521C /* ZodiacSingProtocol.swift in Sources */,
				22D113C6295A46100094F2A6 /* RegisterInteractorInput.swift in Sources */,
				22D113922959DEBD0094F2A6 /* AuthViewInput.swift in Sources */,
				224B08FE2958E3D5000D0CF4 /* KeychainManager.swift in Sources */,
				22D113CE295A49400094F2A6 /* RegisterViewInput.swift in Sources */,
				22D113D0295A494E0094F2A6 /* RegisterViewOutput.swift in Sources */,
				22D113782959DCC60094F2A6 /* AuthCoordinator.swift in Sources */,
				22D113BC295A44520094F2A6 /* RegisterRequest.swift in Sources */,
				22B46D9A295E3DFB00121A5C /* GetUserResponse.swift in Sources */,
				22D113B42959E9B50094F2A6 /* CheckAuthCodeResponse.swift in Sources */,
				22D113642959C0FF0094F2A6 /* Router.swift in Sources */,
				22D113A82959E6A40094F2A6 /* CheckCodeInteractor.swift in Sources */,
				22D1138A2959DE6F0094F2A6 /* AuthInteractorOutput.swift in Sources */,
				22D1135F2959C0360094F2A6 /* AppCoordinator.swift in Sources */,
				224B08F22958DE39000D0CF4 /* SendAuthCodeResponse.swift in Sources */,
				22D1136A2959C13E0094F2A6 /* CoordinatorOutput.swift in Sources */,
				223CC55E2969B6A4008D3F07 /* EditProfileView.swift in Sources */,
				22D113AC2959E6CF0094F2A6 /* CheckCodeInteractorOutput.swift in Sources */,
				22D113CA295A482B0094F2A6 /* RegisterPresenter.swift in Sources */,
				22D113C4295A45F80094F2A6 /* RegisterInteractor.swift in Sources */,
				224B09072958E540000D0CF4 /* ErrorDetail.swift in Sources */,
				22B46D79295E352100121A5C /* ProfileDIContainer.swift in Sources */,
				22D113C0295A456C0094F2A6 /* RegisterAssembly.swift in Sources */,
				223CC5542969B640008D3F07 /* EditProfileInteractor.swift in Sources */,
				224B08F02958DE27000D0CF4 /* SendAuthCodeRequest.swift in Sources */,
				22B46D88295E388000121A5C /* ProfileViewOutput.swift in Sources */,
				224B08FC2958E39D000D0CF4 /* AuthPlugin.swift in Sources */,
				22D113A62959E6930094F2A6 /* CheckCodePresenter.swift in Sources */,
				22D113AE2959E6FD0094F2A6 /* CheckCodeRouterInput.swift in Sources */,
				22D113842959DE0E0094F2A6 /* AuthRouterInput.swift in Sources */,
				224B08D32958C341000D0CF4 /* AppDelegate.swift in Sources */,
				224B08EE2958DDFE000D0CF4 /* Users.swift in Sources */,
				22D113862959DE3C0094F2A6 /* AuthInteractor.swift in Sources */,
				22D113962959DED30094F2A6 /* AuthView.swift in Sources */,
				22B46D77295E351000121A5C /* ProfileModule.swift in Sources */,
				22B46D71295DCF7500121A5C /* UIView.swift in Sources */,
				223CC55A2969B687008D3F07 /* EditProfileViewInput.swift in Sources */,
				223CC5602969C01A008D3F07 /* PutUserInfo.swift in Sources */,
				22B46D8C295E38A200121A5C /* ProfilePresenter.swift in Sources */,
				22D113AA2959E6BD0094F2A6 /* CheckCodeInteractorInput.swift in Sources */,
				22D113C2295A45CA0094F2A6 /* RegisterRouterInput.swift in Sources */,
				22D113612959C06F0094F2A6 /* AppDIContainer.swift in Sources */,
				224B08D52958C341000D0CF4 /* SceneDelegate.swift in Sources */,
				22B46D94295E38FF00121A5C /* ProfileRouterInput.swift in Sources */,
				22D1139E2959E5ED0094F2A6 /* CheckCodeViewController.swift in Sources */,
				224B09022958E431000D0CF4 /* APIManager.swift in Sources */,
				22D1136E2959C1620094F2A6 /* NavigationRouter.swift in Sources */,
				22D113662959C1150094F2A6 /* BaseCoordinator.swift in Sources */,
				223CC55C2969B69A008D3F07 /* EditProfileViewOutput.swift in Sources */,
				22D113882959DE530094F2A6 /* AuthInteractorInput.swift in Sources */,
				22D113942959DEC80094F2A6 /* AuthViewOutput.swift in Sources */,
				223CC5522969B630008D3F07 /* EditProfileInteractorInput.swift in Sources */,
				224B08F42958DE77000D0CF4 /* AuthorizedTargetType.swift in Sources */,
				224B08F82958DEE3000D0CF4 /* Encodable.swift in Sources */,
				224B09052958E520000D0CF4 /* ErrorResponse.swift in Sources */,
				22B46D8A295E388C00121A5C /* ProfileView.swift in Sources */,
				22B46D8E295E38B300121A5C /* ProfileInteractor.swift in Sources */,
				22D113D2295A495B0094F2A6 /* RegisterView.swift in Sources */,
				224798C5296C505D0065521C /* String.swift in Sources */,
				223CC54E2969B5DE008D3F07 /* EditProfileRouterInput.swift in Sources */,
				22D113CC295A49310094F2A6 /* RegisterViewController.swift in Sources */,
				223CC5562969B65C008D3F07 /* EditProfilePresenter.swift in Sources */,
				22D113732959DC5A0094F2A6 /* AuthModule.swift in Sources */,
				22D113BE295A446C0094F2A6 /* RegisterResponse.swift in Sources */,
				22B46D84295E385B00121A5C /* ProfileViewController.swift in Sources */,
				22D1136C2959C1500094F2A6 /* Coordinator.swift in Sources */,
				22D113822959DDF30094F2A6 /* AuthAssembly.swift in Sources */,
				22B46D96295E390D00121A5C /* ProfileAssembly.swift in Sources */,
			);
			runOnlyForDeploymentPostprocessing = 0;
		};
/* End PBXSourcesBuildPhase section */

/* Begin PBXVariantGroup section */
		224B08DD2958C343000D0CF4 /* LaunchScreen.storyboard */ = {
			isa = PBXVariantGroup;
			children = (
				224B08DE2958C343000D0CF4 /* Base */,
			);
			name = LaunchScreen.storyboard;
			sourceTree = "<group>";
		};
/* End PBXVariantGroup section */

/* Begin XCBuildConfiguration section */
		224B08E12958C343000D0CF4 /* Debug */ = {
			isa = XCBuildConfiguration;
			buildSettings = {
				ALWAYS_SEARCH_USER_PATHS = NO;
				CLANG_ANALYZER_NONNULL = YES;
				CLANG_ANALYZER_NUMBER_OBJECT_CONVERSION = YES_AGGRESSIVE;
				CLANG_CXX_LANGUAGE_STANDARD = "gnu++20";
				CLANG_ENABLE_MODULES = YES;
				CLANG_ENABLE_OBJC_ARC = YES;
				CLANG_ENABLE_OBJC_WEAK = YES;
				CLANG_WARN_BLOCK_CAPTURE_AUTORELEASING = YES;
				CLANG_WARN_BOOL_CONVERSION = YES;
				CLANG_WARN_COMMA = YES;
				CLANG_WARN_CONSTANT_CONVERSION = YES;
				CLANG_WARN_DEPRECATED_OBJC_IMPLEMENTATIONS = YES;
				CLANG_WARN_DIRECT_OBJC_ISA_USAGE = YES_ERROR;
				CLANG_WARN_DOCUMENTATION_COMMENTS = YES;
				CLANG_WARN_EMPTY_BODY = YES;
				CLANG_WARN_ENUM_CONVERSION = YES;
				CLANG_WARN_INFINITE_RECURSION = YES;
				CLANG_WARN_INT_CONVERSION = YES;
				CLANG_WARN_NON_LITERAL_NULL_CONVERSION = YES;
				CLANG_WARN_OBJC_IMPLICIT_RETAIN_SELF = YES;
				CLANG_WARN_OBJC_LITERAL_CONVERSION = YES;
				CLANG_WARN_OBJC_ROOT_CLASS = YES_ERROR;
				CLANG_WARN_QUOTED_INCLUDE_IN_FRAMEWORK_HEADER = YES;
				CLANG_WARN_RANGE_LOOP_ANALYSIS = YES;
				CLANG_WARN_STRICT_PROTOTYPES = YES;
				CLANG_WARN_SUSPICIOUS_MOVE = YES;
				CLANG_WARN_UNGUARDED_AVAILABILITY = YES_AGGRESSIVE;
				CLANG_WARN_UNREACHABLE_CODE = YES;
				CLANG_WARN__DUPLICATE_METHOD_MATCH = YES;
				COPY_PHASE_STRIP = NO;
				DEBUG_INFORMATION_FORMAT = dwarf;
				ENABLE_STRICT_OBJC_MSGSEND = YES;
				ENABLE_TESTABILITY = YES;
				GCC_C_LANGUAGE_STANDARD = gnu11;
				GCC_DYNAMIC_NO_PIC = NO;
				GCC_NO_COMMON_BLOCKS = YES;
				GCC_OPTIMIZATION_LEVEL = 0;
				GCC_PREPROCESSOR_DEFINITIONS = (
					"DEBUG=1",
					"$(inherited)",
				);
				GCC_WARN_64_TO_32_BIT_CONVERSION = YES;
				GCC_WARN_ABOUT_RETURN_TYPE = YES_ERROR;
				GCC_WARN_UNDECLARED_SELECTOR = YES;
				GCC_WARN_UNINITIALIZED_AUTOS = YES_AGGRESSIVE;
				GCC_WARN_UNUSED_FUNCTION = YES;
				GCC_WARN_UNUSED_VARIABLE = YES;
				IPHONEOS_DEPLOYMENT_TARGET = 16.2;
				MTL_ENABLE_DEBUG_INFO = INCLUDE_SOURCE;
				MTL_FAST_MATH = YES;
				ONLY_ACTIVE_ARCH = YES;
				SDKROOT = iphoneos;
				SWIFT_ACTIVE_COMPILATION_CONDITIONS = DEBUG;
				SWIFT_OPTIMIZATION_LEVEL = "-Onone";
			};
			name = Debug;
		};
		224B08E22958C343000D0CF4 /* Release */ = {
			isa = XCBuildConfiguration;
			buildSettings = {
				ALWAYS_SEARCH_USER_PATHS = NO;
				CLANG_ANALYZER_NONNULL = YES;
				CLANG_ANALYZER_NUMBER_OBJECT_CONVERSION = YES_AGGRESSIVE;
				CLANG_CXX_LANGUAGE_STANDARD = "gnu++20";
				CLANG_ENABLE_MODULES = YES;
				CLANG_ENABLE_OBJC_ARC = YES;
				CLANG_ENABLE_OBJC_WEAK = YES;
				CLANG_WARN_BLOCK_CAPTURE_AUTORELEASING = YES;
				CLANG_WARN_BOOL_CONVERSION = YES;
				CLANG_WARN_COMMA = YES;
				CLANG_WARN_CONSTANT_CONVERSION = YES;
				CLANG_WARN_DEPRECATED_OBJC_IMPLEMENTATIONS = YES;
				CLANG_WARN_DIRECT_OBJC_ISA_USAGE = YES_ERROR;
				CLANG_WARN_DOCUMENTATION_COMMENTS = YES;
				CLANG_WARN_EMPTY_BODY = YES;
				CLANG_WARN_ENUM_CONVERSION = YES;
				CLANG_WARN_INFINITE_RECURSION = YES;
				CLANG_WARN_INT_CONVERSION = YES;
				CLANG_WARN_NON_LITERAL_NULL_CONVERSION = YES;
				CLANG_WARN_OBJC_IMPLICIT_RETAIN_SELF = YES;
				CLANG_WARN_OBJC_LITERAL_CONVERSION = YES;
				CLANG_WARN_OBJC_ROOT_CLASS = YES_ERROR;
				CLANG_WARN_QUOTED_INCLUDE_IN_FRAMEWORK_HEADER = YES;
				CLANG_WARN_RANGE_LOOP_ANALYSIS = YES;
				CLANG_WARN_STRICT_PROTOTYPES = YES;
				CLANG_WARN_SUSPICIOUS_MOVE = YES;
				CLANG_WARN_UNGUARDED_AVAILABILITY = YES_AGGRESSIVE;
				CLANG_WARN_UNREACHABLE_CODE = YES;
				CLANG_WARN__DUPLICATE_METHOD_MATCH = YES;
				COPY_PHASE_STRIP = NO;
				DEBUG_INFORMATION_FORMAT = "dwarf-with-dsym";
				ENABLE_NS_ASSERTIONS = NO;
				ENABLE_STRICT_OBJC_MSGSEND = YES;
				GCC_C_LANGUAGE_STANDARD = gnu11;
				GCC_NO_COMMON_BLOCKS = YES;
				GCC_WARN_64_TO_32_BIT_CONVERSION = YES;
				GCC_WARN_ABOUT_RETURN_TYPE = YES_ERROR;
				GCC_WARN_UNDECLARED_SELECTOR = YES;
				GCC_WARN_UNINITIALIZED_AUTOS = YES_AGGRESSIVE;
				GCC_WARN_UNUSED_FUNCTION = YES;
				GCC_WARN_UNUSED_VARIABLE = YES;
				IPHONEOS_DEPLOYMENT_TARGET = 16.2;
				MTL_ENABLE_DEBUG_INFO = NO;
				MTL_FAST_MATH = YES;
				SDKROOT = iphoneos;
				SWIFT_COMPILATION_MODE = wholemodule;
				SWIFT_OPTIMIZATION_LEVEL = "-O";
				VALIDATE_PRODUCT = YES;
			};
			name = Release;
		};
		224B08E42958C343000D0CF4 /* Debug */ = {
			isa = XCBuildConfiguration;
			baseConfigurationReference = 856AC54DE8EDEBFF1BE89953 /* Pods-Messenger.debug.xcconfig */;
			buildSettings = {
				ASSETCATALOG_COMPILER_APPICON_NAME = AppIcon;
				ASSETCATALOG_COMPILER_GLOBAL_ACCENT_COLOR_NAME = AccentColor;
				CODE_SIGN_STYLE = Automatic;
				CURRENT_PROJECT_VERSION = 1;
				DEVELOPMENT_TEAM = H456X98Q5T;
				GENERATE_INFOPLIST_FILE = YES;
				INFOPLIST_FILE = Messenger/Info.plist;
				INFOPLIST_KEY_UIApplicationSupportsIndirectInputEvents = YES;
				INFOPLIST_KEY_UILaunchStoryboardName = LaunchScreen;
				INFOPLIST_KEY_UISupportedInterfaceOrientations = UIInterfaceOrientationPortrait;
				LD_RUNPATH_SEARCH_PATHS = (
					"$(inherited)",
					"@executable_path/Frameworks",
				);
				MARKETING_VERSION = 1.0;
				PRODUCT_BUNDLE_IDENTIFIER = holog.Messenger;
				PRODUCT_NAME = "$(TARGET_NAME)";
				SWIFT_EMIT_LOC_STRINGS = YES;
				SWIFT_VERSION = 5.0;
				TARGETED_DEVICE_FAMILY = "1,2";
			};
			name = Debug;
		};
		224B08E52958C343000D0CF4 /* Release */ = {
			isa = XCBuildConfiguration;
			baseConfigurationReference = C409A58B5534458E19835F28 /* Pods-Messenger.release.xcconfig */;
			buildSettings = {
				ASSETCATALOG_COMPILER_APPICON_NAME = AppIcon;
				ASSETCATALOG_COMPILER_GLOBAL_ACCENT_COLOR_NAME = AccentColor;
				CODE_SIGN_STYLE = Automatic;
				CURRENT_PROJECT_VERSION = 1;
				DEVELOPMENT_TEAM = H456X98Q5T;
				GENERATE_INFOPLIST_FILE = YES;
				INFOPLIST_FILE = Messenger/Info.plist;
				INFOPLIST_KEY_UIApplicationSupportsIndirectInputEvents = YES;
				INFOPLIST_KEY_UILaunchStoryboardName = LaunchScreen;
				INFOPLIST_KEY_UISupportedInterfaceOrientations = UIInterfaceOrientationPortrait;
				LD_RUNPATH_SEARCH_PATHS = (
					"$(inherited)",
					"@executable_path/Frameworks",
				);
				MARKETING_VERSION = 1.0;
				PRODUCT_BUNDLE_IDENTIFIER = holog.Messenger;
				PRODUCT_NAME = "$(TARGET_NAME)";
				SWIFT_EMIT_LOC_STRINGS = YES;
				SWIFT_VERSION = 5.0;
				TARGETED_DEVICE_FAMILY = "1,2";
			};
			name = Release;
		};
/* End XCBuildConfiguration section */

/* Begin XCConfigurationList section */
		224B08CA2958C340000D0CF4 /* Build configuration list for PBXProject "Messenger" */ = {
			isa = XCConfigurationList;
			buildConfigurations = (
				224B08E12958C343000D0CF4 /* Debug */,
				224B08E22958C343000D0CF4 /* Release */,
			);
			defaultConfigurationIsVisible = 0;
			defaultConfigurationName = Release;
		};
		224B08E32958C343000D0CF4 /* Build configuration list for PBXNativeTarget "Messenger" */ = {
			isa = XCConfigurationList;
			buildConfigurations = (
				224B08E42958C343000D0CF4 /* Debug */,
				224B08E52958C343000D0CF4 /* Release */,
			);
			defaultConfigurationIsVisible = 0;
			defaultConfigurationName = Release;
		};
/* End XCConfigurationList section */
	};
	rootObject = 224B08C72958C340000D0CF4 /* Project object */;
}
